hash: d66a7d37cc1344fd69a5f422a7165735fa459fb1146b5d49b93efe90abb50480
updated: 2018-04-04T13:03:34.620631439+02:00
imports:
- name: cloud.google.com/go
  version: a083a92838d54ab12461596770ce37d9e18972e4
  subpackages:
  - compute/metadata
- name: github.com/dghubble/gologin
  version: 21d83bda46a476809e2e50564be7785ddb68eb7a
  subpackages:
  - google
  - internal
  - oauth2
- name: github.com/dghubble/sessions
  version: 26dc61fdb7361714ff41a80a2ad18cbdf8ba1956
- name: github.com/golang/protobuf
  version: 1643683e1b54a9e88ad26d98f81400c8c9d9f4f9
  subpackages:
  - proto
- name: github.com/gorilla/context
  version: 08b5f424b9271eedf6f9f0ce86cb9396ed337a42
- name: github.com/gorilla/mux
  version: 53c1911da2b537f792e7cafcb446b05ffe33b996
- name: github.com/gorilla/securecookie
  version: e59506cc896acb7f7bf732d4fdf5e25f7ccd8983
- name: github.com/gorilla/websocket
  version: eb925808374e5ca90c83401a40d711dc08c0c0f6
- name: github.com/rakyll/statik
  version: fd36b3595eb2ec8da4b8153b107f7ea08504899d
  subpackages:
  - fs
- name: github.com/Sirupsen/logrus
  version: 081307d9bc1364753142d5962fc1d795c742baaf
- name: github.com/spf13/pflag
  version: 9ff6c6923cfffbcd502984b8e0c80539a94968b7
- name: github.com/squat/drivefs
  version: 7dbd8a4fbfd7ef034a9b57820ad75a00186f1dc8
- name: golang.org/x/net
  version: 1c05540f6879653db88113bc4a2b70aec4bd491f
  subpackages:
  - context
  - context/ctxhttp
- name: golang.org/x/oauth2
  version: fdc9e635145ae97e6c2cb777c48305600cf515cb
  subpackages:
  - google
  - internal
  - jws
  - jwt
- name: golang.org/x/sys
  version: 95c6576299259db960f6c5b9b69ea52422860fce
  subpackages:
  - unix
- name: google.golang.org/api
  version: 55e9fb4044f4757138d4273ace23060d022d18f9
  subpackages:
  - drive/v3
  - gensupport
  - googleapi
  - googleapi/internal/uritemplates
  - oauth2/v2
  - sheets/v4
- name: google.golang.org/appengine
  version: 5bee14b453b4c71be47ec1781b0fa61c2ea182db
  subpackages:
  - internal
  - internal/app_identity
  - internal/base
  - internal/datastore
  - internal/log
  - internal/modules
  - internal/remote_api
  - internal/urlfetch
  - urlfetch
testImports: []
